
Microsoft Visual Studio Solution File, Format Version 12.00
# Visual Studio Version 16
VisualStudioVersion = 25.0.1704.0
MinimumVisualStudioVersion = 10.0.40219.1
Project("{FAE04EC0-301F-11D3-BF4B-00C04F79EFBC}") = "Problem04.SinglyLinkedList", "Problem04.SinglyLinkedList.csproj", "{BFF87487-5552-4DA6-A63C-5147A83B1BEA}"
EndProject
Project("{FAE04EC0-301F-11D3-BF4B-00C04F79EFBC}") = "Problem04.SinglyLinkedList.Tests", "..\SinglyLinkedList.Tests\Problem04.SinglyLinkedList.Tests.csproj", "{730D1201-2BE5-4019-8B4C-2965DBCB4CDE}"
EndProject
Global
	GlobalSection(SolutionConfigurationPlatforms) = preSolution
		Debug|Any CPU = Debug|Any CPU
		Release|Any CPU = Release|Any CPU
	EndGlobalSection
	GlobalSection(ProjectConfigurationPlatforms) = postSolution
		{BFF87487-5552-4DA6-A63C-5147A83B1BEA}.Debug|Any CPU.ActiveCfg = Debug|Any CPU
		{BFF87487-5552-4DA6-A63C-5147A83B1BEA}.Debug|Any CPU.Build.0 = Debug|Any CPU
		{BFF87487-5552-4DA6-A63C-5147A83B1BEA}.Release|Any CPU.ActiveCfg = Release|Any CPU
		{BFF87487-5552-4DA6-A63C-5147A83B1BEA}.Release|Any CPU.Build.0 = Release|Any CPU
		{730D1201-2BE5-4019-8B4C-2965DBCB4CDE}.Debug|Any CPU.ActiveCfg = Debug|Any CPU
		{730D1201-2BE5-4019-8B4C-2965DBCB4CDE}.Debug|Any CPU.Build.0 = Debug|Any CPU
		{730D1201-2BE5-4019-8B4C-2965DBCB4CDE}.Release|Any CPU.ActiveCfg = Release|Any CPU
		{730D1201-2BE5-4019-8B4C-2965DBCB4CDE}.Release|Any CPU.Build.0 = Release|Any CPU
	EndGlobalSection
	GlobalSection(SolutionProperties) = preSolution
		HideSolutionNode = FALSE
	EndGlobalSection
	GlobalSection(ExtensibilityGlobals) = postSolution
		SolutionGuid = {C7435356-054C-40C0-82A9-9B5466BE365F}
	EndGlobalSection
EndGlobal
