
Microsoft Visual Studio Solution File, Format Version 12.00
# Visual Studio Version 16
VisualStudioVersion = 25.0.1704.0
MinimumVisualStudioVersion = 10.0.40219.1
Project("{FAE04EC0-301F-11D3-BF4B-00C04F79EFBC}") = "02.DoublyLinkedList", "02.DoublyLinkedList.csproj", "{48C458EE-7D7F-4EA9-8D22-E55ACC8E6F46}"
EndProject
Project("{FAE04EC0-301F-11D3-BF4B-00C04F79EFBC}") = "02.DoublyLinkedList.Tests", "..\02.DoublyLinkedList.Tests\02.DoublyLinkedList.Tests.csproj", "{9A27A2DA-990D-493C-9EE9-27668DE62619}"
EndProject
Global
	GlobalSection(SolutionConfigurationPlatforms) = preSolution
		Debug|Any CPU = Debug|Any CPU
		Release|Any CPU = Release|Any CPU
	EndGlobalSection
	GlobalSection(ProjectConfigurationPlatforms) = postSolution
		{48C458EE-7D7F-4EA9-8D22-E55ACC8E6F46}.Debug|Any CPU.ActiveCfg = Debug|Any CPU
		{48C458EE-7D7F-4EA9-8D22-E55ACC8E6F46}.Debug|Any CPU.Build.0 = Debug|Any CPU
		{48C458EE-7D7F-4EA9-8D22-E55ACC8E6F46}.Release|Any CPU.ActiveCfg = Release|Any CPU
		{48C458EE-7D7F-4EA9-8D22-E55ACC8E6F46}.Release|Any CPU.Build.0 = Release|Any CPU
		{9A27A2DA-990D-493C-9EE9-27668DE62619}.Debug|Any CPU.ActiveCfg = Debug|Any CPU
		{9A27A2DA-990D-493C-9EE9-27668DE62619}.Debug|Any CPU.Build.0 = Debug|Any CPU
		{9A27A2DA-990D-493C-9EE9-27668DE62619}.Release|Any CPU.ActiveCfg = Release|Any CPU
		{9A27A2DA-990D-493C-9EE9-27668DE62619}.Release|Any CPU.Build.0 = Release|Any CPU
	EndGlobalSection
	GlobalSection(SolutionProperties) = preSolution
		HideSolutionNode = FALSE
	EndGlobalSection
	GlobalSection(ExtensibilityGlobals) = postSolution
		SolutionGuid = {C658AC62-24A2-413C-921C-35B8F1DE2F3B}
	EndGlobalSection
EndGlobal
