
Microsoft Visual Studio Solution File, Format Version 12.00
# Visual Studio Version 16
VisualStudioVersion = 25.0.1704.0
MinimumVisualStudioVersion = 10.0.40219.1
Project("{FAE04EC0-301F-11D3-BF4B-00C04F79EFBC}") = "03.ReversedList", "03.ReversedList.csproj", "{EC975A42-9BDA-4E32-8793-B34BA39E84E8}"
EndProject
Project("{FAE04EC0-301F-11D3-BF4B-00C04F79EFBC}") = "03.ReversedList.Tests", "..\03.ReversedList.Tests\03.ReversedList.Tests.csproj", "{4E7BCF0C-8418-4BE6-853E-8FF09A1EEDAE}"
EndProject
Project("{FAE04EC0-301F-11D3-BF4B-00C04F79EFBC}") = "Test", "..\Test\Test.csproj", "{F3AD35FE-008C-4828-86FF-5F8BD7FDECA5}"
EndProject
Global
	GlobalSection(SolutionConfigurationPlatforms) = preSolution
		Debug|Any CPU = Debug|Any CPU
		Release|Any CPU = Release|Any CPU
	EndGlobalSection
	GlobalSection(ProjectConfigurationPlatforms) = postSolution
		{EC975A42-9BDA-4E32-8793-B34BA39E84E8}.Debug|Any CPU.ActiveCfg = Debug|Any CPU
		{EC975A42-9BDA-4E32-8793-B34BA39E84E8}.Debug|Any CPU.Build.0 = Debug|Any CPU
		{EC975A42-9BDA-4E32-8793-B34BA39E84E8}.Release|Any CPU.ActiveCfg = Release|Any CPU
		{EC975A42-9BDA-4E32-8793-B34BA39E84E8}.Release|Any CPU.Build.0 = Release|Any CPU
		{4E7BCF0C-8418-4BE6-853E-8FF09A1EEDAE}.Debug|Any CPU.ActiveCfg = Debug|Any CPU
		{4E7BCF0C-8418-4BE6-853E-8FF09A1EEDAE}.Debug|Any CPU.Build.0 = Debug|Any CPU
		{4E7BCF0C-8418-4BE6-853E-8FF09A1EEDAE}.Release|Any CPU.ActiveCfg = Release|Any CPU
		{4E7BCF0C-8418-4BE6-853E-8FF09A1EEDAE}.Release|Any CPU.Build.0 = Release|Any CPU
		{F3AD35FE-008C-4828-86FF-5F8BD7FDECA5}.Debug|Any CPU.ActiveCfg = Debug|Any CPU
		{F3AD35FE-008C-4828-86FF-5F8BD7FDECA5}.Debug|Any CPU.Build.0 = Debug|Any CPU
		{F3AD35FE-008C-4828-86FF-5F8BD7FDECA5}.Release|Any CPU.ActiveCfg = Release|Any CPU
		{F3AD35FE-008C-4828-86FF-5F8BD7FDECA5}.Release|Any CPU.Build.0 = Release|Any CPU
	EndGlobalSection
	GlobalSection(SolutionProperties) = preSolution
		HideSolutionNode = FALSE
	EndGlobalSection
	GlobalSection(ExtensibilityGlobals) = postSolution
		SolutionGuid = {F4545DDD-C126-4F1A-8498-576A1C16C34F}
	EndGlobalSection
EndGlobal
