
Microsoft Visual Studio Solution File, Format Version 12.00
# Visual Studio Version 16
VisualStudioVersion = 25.0.1704.2
MinimumVisualStudioVersion = 10.0.40219.1
Project("{FAE04EC0-301F-11D3-BF4B-00C04F79EFBC}") = "03.MaxHeap", "03.MaxHeap.csproj", "{AB8A9941-3438-4F5C-BB22-4FC27490FFE2}"
EndProject
Project("{FAE04EC0-301F-11D3-BF4B-00C04F79EFBC}") = "03.MaxHeap.Tests", "..\03.MaxHeap.Tests\03.MaxHeap.Tests.csproj", "{49A9FF2C-AF9E-4753-B88A-B0560826DC06}"
EndProject
Global
	GlobalSection(SolutionConfigurationPlatforms) = preSolution
		Debug|Any CPU = Debug|Any CPU
		Release|Any CPU = Release|Any CPU
	EndGlobalSection
	GlobalSection(ProjectConfigurationPlatforms) = postSolution
		{AB8A9941-3438-4F5C-BB22-4FC27490FFE2}.Debug|Any CPU.ActiveCfg = Debug|Any CPU
		{AB8A9941-3438-4F5C-BB22-4FC27490FFE2}.Debug|Any CPU.Build.0 = Debug|Any CPU
		{AB8A9941-3438-4F5C-BB22-4FC27490FFE2}.Release|Any CPU.ActiveCfg = Release|Any CPU
		{AB8A9941-3438-4F5C-BB22-4FC27490FFE2}.Release|Any CPU.Build.0 = Release|Any CPU
		{49A9FF2C-AF9E-4753-B88A-B0560826DC06}.Debug|Any CPU.ActiveCfg = Debug|Any CPU
		{49A9FF2C-AF9E-4753-B88A-B0560826DC06}.Debug|Any CPU.Build.0 = Debug|Any CPU
		{49A9FF2C-AF9E-4753-B88A-B0560826DC06}.Release|Any CPU.ActiveCfg = Release|Any CPU
		{49A9FF2C-AF9E-4753-B88A-B0560826DC06}.Release|Any CPU.Build.0 = Release|Any CPU
	EndGlobalSection
	GlobalSection(SolutionProperties) = preSolution
		HideSolutionNode = FALSE
	EndGlobalSection
	GlobalSection(ExtensibilityGlobals) = postSolution
		SolutionGuid = {2D470108-49FF-4760-AC79-8DDCCC4AAF94}
	EndGlobalSection
EndGlobal
